Microsoft Visual Studio Solution File, Format Version 12.00
# Visual Studio 2012
Project("{FAE04EC0-301F-11D3-BF4B-00C04F79EFBC}") = "Dimensions Break", "Dimensions Break.csproj", "{BE3CF2A5-41F3-45EB-8090-2138B4306B89}"
EndProject
Global
	GlobalSection(SolutionConfigurationPlatforms) = preSolution
	Debug|Any CPU = Debug|Any CPU
	ExportDebug|Any CPU = ExportDebug|Any CPU
	ExportRelease|Any CPU = ExportRelease|Any CPU
	EndGlobalSection
	GlobalSection(ProjectConfigurationPlatforms) = postSolution
		{BE3CF2A5-41F3-45EB-8090-2138B4306B89}.Debug|Any CPU.ActiveCfg = Debug|Any CPU
		{BE3CF2A5-41F3-45EB-8090-2138B4306B89}.Debug|Any CPU.Build.0 = Debug|Any CPU
		{BE3CF2A5-41F3-45EB-8090-2138B4306B89}.ExportDebug|Any CPU.ActiveCfg = ExportDebug|Any CPU
		{BE3CF2A5-41F3-45EB-8090-2138B4306B89}.ExportDebug|Any CPU.Build.0 = ExportDebug|Any CPU
		{BE3CF2A5-41F3-45EB-8090-2138B4306B89}.ExportRelease|Any CPU.ActiveCfg = ExportRelease|Any CPU
		{BE3CF2A5-41F3-45EB-8090-2138B4306B89}.ExportRelease|Any CPU.Build.0 = ExportRelease|Any CPU
	EndGlobalSection
EndGlobal
